
Microsoft Visual Studio Solution File, Format Version 12.00
# Visual Studio Version 17
VisualStudioVersion = 17.0.31912.275
MinimumVisualStudioVersion = 10.0.40219.1
Project("{9A19103F-16F7-4668-BE54-9A1E7A4F7556}") = "Cms", "Cms.csproj", "{FD98E168-3F2D-44A4-81AD-CE2332C6D945}"
EndProject
Project("{9A19103F-16F7-4668-BE54-9A1E7A4F7556}") = "Core", "..\Core\Core.csproj", "{DA7B61FD-F2FC-4175-A22C-8074AF881D10}"
EndProject
Global
	GlobalSection(SolutionConfigurationPlatforms) = preSolution
		Debug|Any CPU = Debug|Any CPU
		Release|Any CPU = Release|Any CPU
	EndGlobalSection
	GlobalSection(ProjectConfigurationPlatforms) = postSolution
		{FD98E168-3F2D-44A4-81AD-CE2332C6D945}.Debug|Any CPU.ActiveCfg = Debug|Any CPU
		{FD98E168-3F2D-44A4-81AD-CE2332C6D945}.Debug|Any CPU.Build.0 = Debug|Any CPU
		{FD98E168-3F2D-44A4-81AD-CE2332C6D945}.Release|Any CPU.ActiveCfg = Release|Any CPU
		{FD98E168-3F2D-44A4-81AD-CE2332C6D945}.Release|Any CPU.Build.0 = Release|Any CPU
		{DA7B61FD-F2FC-4175-A22C-8074AF881D10}.Debug|Any CPU.ActiveCfg = Debug|Any CPU
		{DA7B61FD-F2FC-4175-A22C-8074AF881D10}.Debug|Any CPU.Build.0 = Debug|Any CPU
		{DA7B61FD-F2FC-4175-A22C-8074AF881D10}.Release|Any CPU.ActiveCfg = Release|Any CPU
		{DA7B61FD-F2FC-4175-A22C-8074AF881D10}.Release|Any CPU.Build.0 = Release|Any CPU
	EndGlobalSection
	GlobalSection(SolutionProperties) = preSolution
		HideSolutionNode = FALSE
	EndGlobalSection
	GlobalSection(ExtensibilityGlobals) = postSolution
		SolutionGuid = {3FEFCCE0-DFBF-4C7C-BCAA-96E337627CCC}
	EndGlobalSection
EndGlobal
